
Microsoft Visual Studio Solution File, Format Version 12.00
# Visual Studio Version 17
VisualStudioVersion = 17.8.34525.116
MinimumVisualStudioVersion = 10.0.40219.1
Project("{FAE04EC0-301F-11D3-BF4B-00C04F79EFBC}") = "SplatoonWeaponGenerator", "SplatoonWeaponGenerator.csproj", "{CEE514BF-2789-4607-9CDA-23CD72FDECB3}"
EndProject
Global
	GlobalSection(SolutionConfigurationPlatforms) = preSolution
		Debug|Any CPU = Debug|Any CPU
		Release|Any CPU = Release|Any CPU
	EndGlobalSection
	GlobalSection(ProjectConfigurationPlatforms) = postSolution
		{CEE514BF-2789-4607-9CDA-23CD72FDECB3}.Debug|Any CPU.ActiveCfg = Debug|Any CPU
		{CEE514BF-2789-4607-9CDA-23CD72FDECB3}.Debug|Any CPU.Build.0 = Debug|Any CPU
		{CEE514BF-2789-4607-9CDA-23CD72FDECB3}.Release|Any CPU.ActiveCfg = Release|Any CPU
		{CEE514BF-2789-4607-9CDA-23CD72FDECB3}.Release|Any CPU.Build.0 = Release|Any CPU
	EndGlobalSection
	GlobalSection(SolutionProperties) = preSolution
		HideSolutionNode = FALSE
	EndGlobalSection
	GlobalSection(ExtensibilityGlobals) = postSolution
		SolutionGuid = {2819134B-1B8F-4DA3-9DB6-D51D573F1BEC}
	EndGlobalSection
EndGlobal
